
Microsoft Visual Studio Solution File, Format Version 12.00
# Visual Studio Version 16
VisualStudioVersion = 16.0.30717.126
MinimumVisualStudioVersion = 10.0.40219.1
Project("{FAE04EC0-301F-11D3-BF4B-00C04F79EFBC}") = "Constructor", "Constructor.csproj", "{4F3E65E9-EF33-4484-AA2F-D3A731596432}"
EndProject
Project("{FAE04EC0-301F-11D3-BF4B-00C04F79EFBC}") = "Faculty", "..\Faculty\Faculty.csproj", "{AC3ECEB7-2520-45B4-9B44-75DA92675E2E}"
EndProject
Global
	GlobalSection(SolutionConfigurationPlatforms) = preSolution
		Debug|Any CPU = Debug|Any CPU
		Release|Any CPU = Release|Any CPU
	EndGlobalSection
	GlobalSection(ProjectConfigurationPlatforms) = postSolution
		{4F3E65E9-EF33-4484-AA2F-D3A731596432}.Debug|Any CPU.ActiveCfg = Debug|Any CPU
		{4F3E65E9-EF33-4484-AA2F-D3A731596432}.Debug|Any CPU.Build.0 = Debug|Any CPU
		{4F3E65E9-EF33-4484-AA2F-D3A731596432}.Release|Any CPU.ActiveCfg = Release|Any CPU
		{4F3E65E9-EF33-4484-AA2F-D3A731596432}.Release|Any CPU.Build.0 = Release|Any CPU
		{AC3ECEB7-2520-45B4-9B44-75DA92675E2E}.Debug|Any CPU.ActiveCfg = Debug|Any CPU
		{AC3ECEB7-2520-45B4-9B44-75DA92675E2E}.Debug|Any CPU.Build.0 = Debug|Any CPU
		{AC3ECEB7-2520-45B4-9B44-75DA92675E2E}.Release|Any CPU.ActiveCfg = Release|Any CPU
		{AC3ECEB7-2520-45B4-9B44-75DA92675E2E}.Release|Any CPU.Build.0 = Release|Any CPU
	EndGlobalSection
	GlobalSection(SolutionProperties) = preSolution
		HideSolutionNode = FALSE
	EndGlobalSection
	GlobalSection(ExtensibilityGlobals) = postSolution
		SolutionGuid = {6FB6DDAD-B3BA-4C04-B92E-66886BECE2D6}
	EndGlobalSection
EndGlobal
