
Microsoft Visual Studio Solution File, Format Version 12.00
# Visual Studio Version 16
VisualStudioVersion = 16.0.30717.126
MinimumVisualStudioVersion = 10.0.40219.1
Project("{9A19103F-16F7-4668-BE54-9A1E7A4F7556}") = "Control Statements", "Control Statements.csproj", "{2B7BB8DC-4A82-4033-9414-23A9AB1994EA}"
EndProject
Project("{9A19103F-16F7-4668-BE54-9A1E7A4F7556}") = "hello", "..\hello\hello.csproj", "{EDED0D8F-F0B3-47CB-A218-F1D62C01769D}"
EndProject
Global
	GlobalSection(SolutionConfigurationPlatforms) = preSolution
		Debug|Any CPU = Debug|Any CPU
		Release|Any CPU = Release|Any CPU
	EndGlobalSection
	GlobalSection(ProjectConfigurationPlatforms) = postSolution
		{2B7BB8DC-4A82-4033-9414-23A9AB1994EA}.Debug|Any CPU.ActiveCfg = Debug|Any CPU
		{2B7BB8DC-4A82-4033-9414-23A9AB1994EA}.Debug|Any CPU.Build.0 = Debug|Any CPU
		{2B7BB8DC-4A82-4033-9414-23A9AB1994EA}.Release|Any CPU.ActiveCfg = Release|Any CPU
		{2B7BB8DC-4A82-4033-9414-23A9AB1994EA}.Release|Any CPU.Build.0 = Release|Any CPU
		{EDED0D8F-F0B3-47CB-A218-F1D62C01769D}.Debug|Any CPU.ActiveCfg = Debug|Any CPU
		{EDED0D8F-F0B3-47CB-A218-F1D62C01769D}.Debug|Any CPU.Build.0 = Debug|Any CPU
		{EDED0D8F-F0B3-47CB-A218-F1D62C01769D}.Release|Any CPU.ActiveCfg = Release|Any CPU
		{EDED0D8F-F0B3-47CB-A218-F1D62C01769D}.Release|Any CPU.Build.0 = Release|Any CPU
	EndGlobalSection
	GlobalSection(SolutionProperties) = preSolution
		HideSolutionNode = FALSE
	EndGlobalSection
	GlobalSection(ExtensibilityGlobals) = postSolution
		SolutionGuid = {23C7A9F1-9676-4364-A221-5BB0A94C5349}
	EndGlobalSection
EndGlobal
